
Microsoft Visual Studio Solution File, Format Version 12.00
# Visual Studio 15
VisualStudioVersion = 15.0.27004.2005
MinimumVisualStudioVersion = 10.0.40219.1
Project("{FAE04EC0-301F-11D3-BF4B-00C04F79EFBC}") = "app1", "app1\app1.csproj", "{5CA33372-8392-44A8-942B-61DACE8D3F17}"
EndProject
Global
	GlobalSection(SolutionConfigurationPlatforms) = preSolution
		Debug|Any CPU = Debug|Any CPU
		Release|Any CPU = Release|Any CPU
	EndGlobalSection
	GlobalSection(ProjectConfigurationPlatforms) = postSolution
		{5CA33372-8392-44A8-942B-61DACE8D3F17}.Debug|Any CPU.ActiveCfg = Debug|Any CPU
		{5CA33372-8392-44A8-942B-61DACE8D3F17}.Debug|Any CPU.Build.0 = Debug|Any CPU
		{5CA33372-8392-44A8-942B-61DACE8D3F17}.Release|Any CPU.ActiveCfg = Release|Any CPU
		{5CA33372-8392-44A8-942B-61DACE8D3F17}.Release|Any CPU.Build.0 = Release|Any CPU
	EndGlobalSection
	GlobalSection(SolutionProperties) = preSolution
		HideSolutionNode = FALSE
	EndGlobalSection
	GlobalSection(ExtensibilityGlobals) = postSolution
		SolutionGuid = {923A1D76-7F8B-41B3-8ED2-F304E885A574}
	EndGlobalSection
EndGlobal
