
Microsoft Visual Studio Solution File, Format Version 12.00
# Visual Studio 15
VisualStudioVersion = 15.0.27004.2005
MinimumVisualStudioVersion = 10.0.40219.1
Project("{FAE04EC0-301F-11D3-BF4B-00C04F79EFBC}") = "app2", "app2\app2.csproj", "{743E5DE3-A947-4BEA-BD40-4E82A0B4969F}"
EndProject
Global
	GlobalSection(SolutionConfigurationPlatforms) = preSolution
		Debug|Any CPU = Debug|Any CPU
		Release|Any CPU = Release|Any CPU
	EndGlobalSection
	GlobalSection(ProjectConfigurationPlatforms) = postSolution
		{743E5DE3-A947-4BEA-BD40-4E82A0B4969F}.Debug|Any CPU.ActiveCfg = Debug|Any CPU
		{743E5DE3-A947-4BEA-BD40-4E82A0B4969F}.Debug|Any CPU.Build.0 = Debug|Any CPU
		{743E5DE3-A947-4BEA-BD40-4E82A0B4969F}.Release|Any CPU.ActiveCfg = Release|Any CPU
		{743E5DE3-A947-4BEA-BD40-4E82A0B4969F}.Release|Any CPU.Build.0 = Release|Any CPU
	EndGlobalSection
	GlobalSection(SolutionProperties) = preSolution
		HideSolutionNode = FALSE
	EndGlobalSection
	GlobalSection(ExtensibilityGlobals) = postSolution
		SolutionGuid = {8C4AF254-8BCF-422F-9D43-18E3E4850AFD}
	EndGlobalSection
EndGlobal
